// !$*UTF8*$!
{
	archiveVersion = 1;
	classes = {
	};
	objectVersion = 46;
	objects = {

/* Begin PBXBuildFile section */
		A930822C1DAD012900BAE525 /* main.m in Sources */ = {isa = PBXBuildFile; fileRef = A930822B1DAD012900BAE525 /* main.m */; };
		A930822F1DAD012900BAE525 /* AppDelegate.m in Sources */ = {isa = PBXBuildFile; fileRef = A930822E1DAD012900BAE525 /* AppDelegate.m */; };
		A93082321DAD012900BAE525 /* ViewController.m in Sources */ = {isa = PBXBuildFile; fileRef = A93082311DAD012900BAE525 /* ViewController.m */; };
		A93082351DAD012900BAE525 /* Main.storyboard in Resources */ = {isa = PBXBuildFile; fileRef = A93082331DAD012900BAE525 /* Main.storyboard */; };
		A93082371DAD012900BAE525 /* Assets.xcassets in Resources */ = {isa = PBXBuildFile; fileRef = A93082361DAD012900BAE525 /* Assets.xcassets */; };
		A930823A1DAD012900BAE525 /* LaunchScreen.storyboard in Resources */ = {isa = PBXBuildFile; fileRef = A93082381DAD012900BAE525 /* LaunchScreen.storyboard */; };
		A95544271DAFC178005AF404 /* GYVideoPlayerView.m in Sources */ = {isa = PBXBuildFile; fileRef = A95544261DAFC178005AF404 /* GYVideoPlayerView.m */; };
		A97700921DAE64B1007C4628 /* MBProgressHUD+Add.m in Sources */ = {isa = PBXBuildFile; fileRef = A977008F1DAE64B1007C4628 /* MBProgressHUD+Add.m */; };
		A97700931DAE64B1007C4628 /* MBProgressHUD.m in Sources */ = {isa = PBXBuildFile; fileRef = A97700911DAE64B1007C4628 /* MBProgressHUD.m */; };
/* End PBXBuildFile section */

/* Begin PBXFileReference section */
		A93082271DAD012900BAE525 /* AVPlayerDemo.app */ = {isa = PBXFileReference; explicitFileType = wrapper.application; includeInIndex = 0; path = AVPlayerDemo.app; sourceTree = BUILT_PRODUCTS_DIR; };
		A930822B1DAD012900BAE525 /* main.m */ = {isa = PBXFileReference; lastKnownFileType = sourcecode.c.objc; path = main.m; sourceTree = "<group>"; };
		A930822D1DAD012900BAE525 /* AppDelegate.h */ = {isa = PBXFileReference; lastKnownFileType = sourcecode.c.h; path = AppDelegate.h; sourceTree = "<group>"; };
		A930822E1DAD012900BAE525 /* AppDelegate.m */ = {isa = PBXFileReference; lastKnownFileType = sourcecode.c.objc; path = AppDelegate.m; sourceTree = "<group>"; };
		A93082301DAD012900BAE525 /* ViewController.h */ = {isa = PBXFileReference; lastKnownFileType = sourcecode.c.h; path = ViewController.h; sourceTree = "<group>"; };
		A93082311DAD012900BAE525 /* ViewController.m */ = {isa = PBXFileReference; lastKnownFileType = sourcecode.c.objc; path = ViewController.m; sourceTree = "<group>"; };
		A93082341DAD012900BAE525 /* Base */ = {isa = PBXFileReference; lastKnownFileType = file.storyboard; name = Base; path = Base.lproj/Main.storyboard; sourceTree = "<group>"; };
		A93082361DAD012900BAE525 /* Assets.xcassets */ = {isa = PBXFileReference; lastKnownFileType = folder.assetcatalog; path = Assets.xcassets; sourceTree = "<group>"; };
		A93082391DAD012900BAE525 /* Base */ = {isa = PBXFileReference; lastKnownFileType = file.storyboard; name = Base; path = Base.lproj/LaunchScreen.storyboard; sourceTree = "<group>"; };
		A930823B1DAD012900BAE525 /* Info.plist */ = {isa = PBXFileReference; lastKnownFileType = text.plist.xml; path = Info.plist; sourceTree = "<group>"; };
		A95544251DAFC178005AF404 /* GYVideoPlayerView.h */ = {isa = PBXFileReference; fileEncoding = 4; lastKnownFileType = sourcecode.c.h; path = GYVideoPlayerView.h; sourceTree = "<group>"; };
		A95544261DAFC178005AF404 /* GYVideoPlayerView.m */ = {isa = PBXFileReference; fileEncoding = 4; lastKnownFileType = sourcecode.c.objc; path = GYVideoPlayerView.m; sourceTree = "<group>"; };
		A977008E1DAE64B1007C4628 /* MBProgressHUD+Add.h */ = {isa = PBXFileReference; fileEncoding = 4; lastKnownFileType = sourcecode.c.h; path = "MBProgressHUD+Add.h"; sourceTree = "<group>"; };
		A977008F1DAE64B1007C4628 /* MBProgressHUD+Add.m */ = {isa = PBXFileReference; fileEncoding = 4; lastKnownFileType = sourcecode.c.objc; path = "MBProgressHUD+Add.m"; sourceTree = "<group>"; };
		A97700901DAE64B1007C4628 /* MBProgressHUD.h */ = {isa = PBXFileReference; fileEncoding = 4; lastKnownFileType = sourcecode.c.h; path = MBProgressHUD.h; sourceTree = "<group>"; };
		A97700911DAE64B1007C4628 /* MBProgressHUD.m */ = {isa = PBXFileReference; fileEncoding = 4; lastKnownFileType = sourcecode.c.objc; path = MBProgressHUD.m; sourceTree = "<group>"; };
/* End PBXFileReference section */

/* Begin PBXFrameworksBuildPhase section */
		A93082241DAD012900BAE525 /* Frameworks */ = {
			isa = PBXFrameworksBuildPhase;
			buildActionMask = 2147483647;
			files = (
			);
			runOnlyForDeploymentPostprocessing = 0;
		};
/* End PBXFrameworksBuildPhase section */

/* Begin PBXGroup section */
		A930821E1DAD012900BAE525 = {
			isa = PBXGroup;
			children = (
				A93082291DAD012900BAE525 /* AVPlayerDemo */,
				A93082281DAD012900BAE525 /* Products */,
			);
			sourceTree = "<group>";
		};
		A93082281DAD012900BAE525 /* Products */ = {
			isa = PBXGroup;
			children = (
				A93082271DAD012900BAE525 /* AVPlayerDemo.app */,
			);
			name = Products;
			sourceTree = "<group>";
		};
		A93082291DAD012900BAE525 /* AVPlayerDemo */ = {
			isa = PBXGroup;
			children = (
				A977008C1DAE64B1007C4628 /* Third */,
				A93082411DAD015200BAE525 /* View */,
				A930822D1DAD012900BAE525 /* AppDelegate.h */,
				A930822E1DAD012900BAE525 /* AppDelegate.m */,
				A93082301DAD012900BAE525 /* ViewController.h */,
				A93082311DAD012900BAE525 /* ViewController.m */,
				A93082331DAD012900BAE525 /* Main.storyboard */,
				A93082361DAD012900BAE525 /* Assets.xcassets */,
				A93082381DAD012900BAE525 /* LaunchScreen.storyboard */,
				A930823B1DAD012900BAE525 /* Info.plist */,
				A930822A1DAD012900BAE525 /* Supporting Files */,
			);
			path = AVPlayerDemo;
			sourceTree = "<group>";
		};
		A930822A1DAD012900BAE525 /* Supporting Files */ = {
			isa = PBXGroup;
			children = (
				A930822B1DAD012900BAE525 /* main.m */,
			);
			name = "Supporting Files";
			sourceTree = "<group>";
		};
		A93082411DAD015200BAE525 /* View */ = {
			isa = PBXGroup;
			children = (
				A95544251DAFC178005AF404 /* GYVideoPlayerView.h */,
				A95544261DAFC178005AF404 /* GYVideoPlayerView.m */,
			);
			path = View;
			sourceTree = "<group>";
		};
		A977008C1DAE64B1007C4628 /* Third */ = {
			isa = PBXGroup;
			children = (
				A977008D1DAE64B1007C4628 /* HUD */,
			);
			path = Third;
			sourceTree = "<group>";
		};
		A977008D1DAE64B1007C4628 /* HUD */ = {
			isa = PBXGroup;
			children = (
				A977008E1DAE64B1007C4628 /* MBProgressHUD+Add.h */,
				A977008F1DAE64B1007C4628 /* MBProgressHUD+Add.m */,
				A97700901DAE64B1007C4628 /* MBProgressHUD.h */,
				A97700911DAE64B1007C4628 /* MBProgressHUD.m */,
			);
			path = HUD;
			sourceTree = "<group>";
		};
/* End PBXGroup section */

/* Begin PBXNativeTarget section */
		A93082261DAD012900BAE525 /* AVPlayerDemo */ = {
			isa = PBXNativeTarget;
			buildConfigurationList = A930823E1DAD012900BAE525 /* Build configuration list for PBXNativeTarget "AVPlayerDemo" */;
			buildPhases = (
				A93082231DAD012900BAE525 /* Sources */,
				A93082241DAD012900BAE525 /* Frameworks */,
				A93082251DAD012900BAE525 /* Resources */,
			);
			buildRules = (
			);
			dependencies = (
			);
			name = AVPlayerDemo;
			productName = AVPlayerDemo;
			productReference = A93082271DAD012900BAE525 /* AVPlayerDemo.app */;
			productType = "com.apple.product-type.application";
		};
/* End PBXNativeTarget section */

/* Begin PBXProject section */
		A930821F1DAD012900BAE525 /* Project object */ = {
			isa = PBXProject;
			attributes = {
				LastUpgradeCheck = 0800;
				ORGANIZATIONNAME = gaoyang;
				TargetAttributes = {
					A93082261DAD012900BAE525 = {
						CreatedOnToolsVersion = 8.0;
						DevelopmentTeam = 65GEP5SQYY;
						ProvisioningStyle = Automatic;
					};
				};
			};
			buildConfigurationList = A93082221DAD012900BAE525 /* Build configuration list for PBXProject "AVPlayerDemo" */;
			compatibilityVersion = "Xcode 3.2";
			developmentRegion = English;
			hasScannedForEncodings = 0;
			knownRegions = (
				en,
				Base,
			);
			mainGroup = A930821E1DAD012900BAE525;
			productRefGroup = A93082281DAD012900BAE525 /* Products */;
			projectDirPath = "";
			projectRoot = "";
			targets = (
				A93082261DAD012900BAE525 /* AVPlayerDemo */,
			);
		};
/* End PBXProject section */

/* Begin PBXResourcesBuildPhase section */
		A93082251DAD012900BAE525 /* Resources */ = {
			isa = PBXResourcesBuildPhase;
			buildActionMask = 2147483647;
			files = (
				A930823A1DAD012900BAE525 /* LaunchScreen.storyboard in Resources */,
				A93082371DAD012900BAE525 /* Assets.xcassets in Resources */,
				A93082351DAD012900BAE525 /* Main.storyboard in Resources */,
			);
			runOnlyForDeploymentPostprocessing = 0;
		};
/* End PBXResourcesBuildPhase section */

/* Begin PBXSourcesBuildPhase section */
		A93082231DAD012900BAE525 /* Sources */ = {
			isa = PBXSourcesBuildPhase;
			buildActionMask = 2147483647;
			files = (
				A93082321DAD012900BAE525 /* ViewController.m in Sources */,
				A95544271DAFC178005AF404 /* GYVideoPlayerView.m in Sources */,
				A97700931DAE64B1007C4628 /* MBProgressHUD.m in Sources */,
				A97700921DAE64B1007C4628 /* MBProgressHUD+Add.m in Sources */,
				A930822F1DAD012900BAE525 /* AppDelegate.m in Sources */,
				A930822C1DAD012900BAE525 /* main.m in Sources */,
			);
			runOnlyForDeploymentPostprocessing = 0;
		};
/* End PBXSourcesBuildPhase section */

/* Begin PBXVariantGroup section */
		A93082331DAD012900BAE525 /* Main.storyboard */ = {
			isa = PBXVariantGroup;
			children = (
				A93082341DAD012900BAE525 /* Base */,
			);
			name = Main.storyboard;
			sourceTree = "<group>";
		};
		A93082381DAD012900BAE525 /* LaunchScreen.storyboard */ = {
			isa = PBXVariantGroup;
			children = (
				A93082391DAD012900BAE525 /* Base */,
			);
			name = LaunchScreen.storyboard;
			sourceTree = "<group>";
		};
/* End PBXVariantGroup section */

/* Begin XCBuildConfiguration section */
		A930823C1DAD012900BAE525 /* Debug */ = {
			isa = XCBuildConfiguration;
			buildSettings = {
				ALWAYS_SEARCH_USER_PATHS = NO;
				CLANG_ANALYZER_NONNULL = YES;
				CLANG_CXX_LANGUAGE_STANDARD = "gnu++0x";
				CLANG_CXX_LIBRARY = "libc++";
				CLANG_ENABLE_MODULES = YES;
				CLANG_ENABLE_OBJC_ARC = YES;
				CLANG_WARN_BOOL_CONVERSION = YES;
				CLANG_WARN_CONSTANT_CONVERSION = YES;
				CLANG_WARN_DIRECT_OBJC_ISA_USAGE = YES_ERROR;
				CLANG_WARN_DOCUMENTATION_COMMENTS = YES;
				CLANG_WARN_EMPTY_BODY = YES;
				CLANG_WARN_ENUM_CONVERSION = YES;
				CLANG_WARN_INFINITE_RECURSION = YES;
				CLANG_WARN_INT_CONVERSION = YES;
				CLANG_WARN_OBJC_ROOT_CLASS = YES_ERROR;
				CLANG_WARN_SUSPICIOUS_MOVES = YES;
				CLANG_WARN_UNREACHABLE_CODE = YES;
				CLANG_WARN__DUPLICATE_METHOD_MATCH = YES;
				"CODE_SIGN_IDENTITY[sdk=iphoneos*]" = "iPhone Developer";
				COPY_PHASE_STRIP = NO;
				DEBUG_INFORMATION_FORMAT = dwarf;
				ENABLE_STRICT_OBJC_MSGSEND = YES;
				ENABLE_TESTABILITY = YES;
				GCC_C_LANGUAGE_STANDARD = gnu99;
				GCC_DYNAMIC_NO_PIC = NO;
				GCC_NO_COMMON_BLOCKS = YES;
				GCC_OPTIMIZATION_LEVEL = 0;
				GCC_PREPROCESSOR_DEFINITIONS = (
					"DEBUG=1",
					"$(inherited)",
				);
				GCC_WARN_64_TO_32_BIT_CONVERSION = YES;
				GCC_WARN_ABOUT_RETURN_TYPE = YES_ERROR;
				GCC_WARN_UNDECLARED_SELECTOR = YES;
				GCC_WARN_UNINITIALIZED_AUTOS = YES_AGGRESSIVE;
				GCC_WARN_UNUSED_FUNCTION = YES;
				GCC_WARN_UNUSED_VARIABLE = YES;
				IPHONEOS_DEPLOYMENT_TARGET = 10.0;
				MTL_ENABLE_DEBUG_INFO = YES;
				ONLY_ACTIVE_ARCH = YES;
				SDKROOT = iphoneos;
				TARGETED_DEVICE_FAMILY = "1,2";
			};
			name = Debug;
		};
		A930823D1DAD012900BAE525 /* Release */ = {
			isa = XCBuildConfiguration;
			buildSettings = {
				ALWAYS_SEARCH_USER_PATHS = NO;
				CLANG_ANALYZER_NONNULL = YES;
				CLANG_CXX_LANGUAGE_STANDARD = "gnu++0x";
				CLANG_CXX_LIBRARY = "libc++";
				CLANG_ENABLE_MODULES = YES;
				CLANG_ENABLE_OBJC_ARC = YES;
				CLANG_WARN_BOOL_CONVERSION = YES;
				CLANG_WARN_CONSTANT_CONVERSION = YES;
				CLANG_WARN_DIRECT_OBJC_ISA_USAGE = YES_ERROR;
				CLANG_WARN_DOCUMENTATION_COMMENTS = YES;
				CLANG_WARN_EMPTY_BODY = YES;
				CLANG_WARN_ENUM_CONVERSION = YES;
				CLANG_WARN_INFINITE_RECURSION = YES;
				CLANG_WARN_INT_CONVERSION = YES;
				CLANG_WARN_OBJC_ROOT_CLASS = YES_ERROR;
				CLANG_WARN_SUSPICIOUS_MOVES = YES;
				CLANG_WARN_UNREACHABLE_CODE = YES;
				CLANG_WARN__DUPLICATE_METHOD_MATCH = YES;
				"CODE_SIGN_IDENTITY[sdk=iphoneos*]" = "iPhone Developer";
				COPY_PHASE_STRIP = NO;
				DEBUG_INFORMATION_FORMAT = "dwarf-with-dsym";
				ENABLE_NS_ASSERTIONS = NO;
				ENABLE_STRICT_OBJC_MSGSEND = YES;
				GCC_C_LANGUAGE_STANDARD = gnu99;
				GCC_NO_COMMON_BLOCKS = YES;
				GCC_WARN_64_TO_32_BIT_CONVERSION = YES;
				GCC_WARN_ABOUT_RETURN_TYPE = YES_ERROR;
				GCC_WARN_UNDECLARED_SELECTOR = YES;
				GCC_WARN_UNINITIALIZED_AUTOS = YES_AGGRESSIVE;
				GCC_WARN_UNUSED_FUNCTION = YES;
				GCC_WARN_UNUSED_VARIABLE = YES;
				IPHONEOS_DEPLOYMENT_TARGET = 10.0;
				MTL_ENABLE_DEBUG_INFO = NO;
				SDKROOT = iphoneos;
				TARGETED_DEVICE_FAMILY = "1,2";
				VALIDATE_PRODUCT = YES;
			};
			name = Release;
		};
		A930823F1DAD012900BAE525 /* Debug */ = {
			isa = XCBuildConfiguration;
			buildSettings = {
				ASSETCATALOG_COMPILER_APPICON_NAME = AppIcon;
				DEVELOPMENT_TEAM = 65GEP5SQYY;
				INFOPLIST_FILE = AVPlayerDemo/Info.plist;
				LD_RUNPATH_SEARCH_PATHS = "$(inherited) @executable_path/Frameworks";
				PRODUCT_BUNDLE_IDENTIFIER = net.yeah.goyaya.AVPlayerDemo;
				PRODUCT_NAME = "$(TARGET_NAME)";
			};
			name = Debug;
		};
		A93082401DAD012900BAE525 /* Release */ = {
			isa = XCBuildConfiguration;
			buildSettings = {
				ASSETCATALOG_COMPILER_APPICON_NAME = AppIcon;
				DEVELOPMENT_TEAM = 65GEP5SQYY;
				INFOPLIST_FILE = AVPlayerDemo/Info.plist;
				LD_RUNPATH_SEARCH_PATHS = "$(inherited) @executable_path/Frameworks";
				PRODUCT_BUNDLE_IDENTIFIER = net.yeah.goyaya.AVPlayerDemo;
				PRODUCT_NAME = "$(TARGET_NAME)";
			};
			name = Release;
		};
/* End XCBuildConfiguration section */

/* Begin XCConfigurationList section */
		A93082221DAD012900BAE525 /* Build configuration list for PBXProject "AVPlayerDemo" */ = {
			isa = XCConfigurationList;
			buildConfigurations = (
				A930823C1DAD012900BAE525 /* Debug */,
				A930823D1DAD012900BAE525 /* Release */,
			);
			defaultConfigurationIsVisible = 0;
			defaultConfigurationName = Release;
		};
		A930823E1DAD012900BAE525 /* Build configuration list for PBXNativeTarget "AVPlayerDemo" */ = {
			isa = XCConfigurationList;
			buildConfigurations = (
				A930823F1DAD012900BAE525 /* Debug */,
				A93082401DAD012900BAE525 /* Release */,
			);
			defaultConfigurationIsVisible = 0;
			defaultConfigurationName = Release;
		};
/* End XCConfigurationList section */
	};
	rootObject = A930821F1DAD012900BAE525 /* Project object */;
}
